
Microsoft Visual Studio Solution File, Format Version 12.00
# Visual Studio 14
VisualStudioVersion = 14.0.25420.1
MinimumVisualStudioVersion = 10.0.40219.1
Project("{FAE04EC0-301F-11D3-BF4B-00C04F79EFBC}") = "App1.Droid", "App1\App1.Droid\App1.Droid.csproj", "{ACFB9163-DC46-4C85-81D3-282D958F784C}"
EndProject
Project("{FAE04EC0-301F-11D3-BF4B-00C04F79EFBC}") = "App1.iOS", "App1\App1.iOS\App1.iOS.csproj", "{47DF8E28-FD8F-4C55-B1D2-3D9925D7FBF1}"
EndProject
Project("{FAE04EC0-301F-11D3-BF4B-00C04F79EFBC}") = "App1", "App1\App1\App1.csproj", "{985C2F13-FF46-46AD-B270-EA72E4ED9E00}"
EndProject
Project("{FAE04EC0-301F-11D3-BF4B-00C04F79EFBC}") = "App1.Windows", "App1.Windows\App1.Windows.csproj", "{66A3DC4B-4D7A-475E-84B4-7C2C8B833554}"
EndProject
Global
	GlobalSection(SolutionConfigurationPlatforms) = preSolution
		Debug|Any CPU = Debug|Any CPU
		Debug|ARM = Debug|ARM
		Debug|iPhone = Debug|iPhone
		Debug|iPhoneSimulator = Debug|iPhoneSimulator
		Debug|x64 = Debug|x64
		Debug|x86 = Debug|x86
		Release|Any CPU = Release|Any CPU
		Release|ARM = Release|ARM
		Release|iPhone = Release|iPhone
		Release|iPhoneSimulator = Release|iPhoneSimulator
		Release|x64 = Release|x64
		Release|x86 = Release|x86
	EndGlobalSection
	GlobalSection(ProjectConfigurationPlatforms) = postSolution
		{ACFB9163-DC46-4C85-81D3-282D958F784C}.Debug|Any CPU.ActiveCfg = Debug|Any CPU
		{ACFB9163-DC46-4C85-81D3-282D958F784C}.Debug|Any CPU.Build.0 = Debug|Any CPU
		{ACFB9163-DC46-4C85-81D3-282D958F784C}.Debug|Any CPU.Deploy.0 = Debug|Any CPU
		{ACFB9163-DC46-4C85-81D3-282D958F784C}.Debug|ARM.ActiveCfg = Debug|Any CPU
		{ACFB9163-DC46-4C85-81D3-282D958F784C}.Debug|ARM.Build.0 = Debug|Any CPU
		{ACFB9163-DC46-4C85-81D3-282D958F784C}.Debug|ARM.Deploy.0 = Debug|Any CPU
		{ACFB9163-DC46-4C85-81D3-282D958F784C}.Debug|iPhone.ActiveCfg = Debug|Any CPU
		{ACFB9163-DC46-4C85-81D3-282D958F784C}.Debug|iPhone.Build.0 = Debug|Any CPU
		{ACFB9163-DC46-4C85-81D3-282D958F784C}.Debug|iPhone.Deploy.0 = Debug|Any CPU
		{ACFB9163-DC46-4C85-81D3-282D958F784C}.Debug|iPhoneSimulator.ActiveCfg = Debug|Any CPU
		{ACFB9163-DC46-4C85-81D3-282D958F784C}.Debug|iPhoneSimulator.Build.0 = Debug|Any CPU
		{ACFB9163-DC46-4C85-81D3-282D958F784C}.Debug|iPhoneSimulator.Deploy.0 = Debug|Any CPU
		{ACFB9163-DC46-4C85-81D3-282D958F784C}.Debug|x64.ActiveCfg = Debug|Any CPU
		{ACFB9163-DC46-4C85-81D3-282D958F784C}.Debug|x64.Build.0 = Debug|Any CPU
		{ACFB9163-DC46-4C85-81D3-282D958F784C}.Debug|x64.Deploy.0 = Debug|Any CPU
		{ACFB9163-DC46-4C85-81D3-282D958F784C}.Debug|x86.ActiveCfg = Debug|Any CPU
		{ACFB9163-DC46-4C85-81D3-282D958F784C}.Debug|x86.Build.0 = Debug|Any CPU
		{ACFB9163-DC46-4C85-81D3-282D958F784C}.Debug|x86.Deploy.0 = Debug|Any CPU
		{ACFB9163-DC46-4C85-81D3-282D958F784C}.Release|Any CPU.ActiveCfg = Release|Any CPU
		{ACFB9163-DC46-4C85-81D3-282D958F784C}.Release|Any CPU.Build.0 = Release|Any CPU
		{ACFB9163-DC46-4C85-81D3-282D958F784C}.Release|Any CPU.Deploy.0 = Release|Any CPU
		{ACFB9163-DC46-4C85-81D3-282D958F784C}.Release|ARM.ActiveCfg = Release|Any CPU
		{ACFB9163-DC46-4C85-81D3-282D958F784C}.Release|ARM.Build.0 = Release|Any CPU
		{ACFB9163-DC46-4C85-81D3-282D958F784C}.Release|ARM.Deploy.0 = Release|Any CPU
		{ACFB9163-DC46-4C85-81D3-282D958F784C}.Release|iPhone.ActiveCfg = Release|Any CPU
		{ACFB9163-DC46-4C85-81D3-282D958F784C}.Release|iPhone.Build.0 = Release|Any CPU
		{ACFB9163-DC46-4C85-81D3-282D958F784C}.Release|iPhone.Deploy.0 = Release|Any CPU
		{ACFB9163-DC46-4C85-81D3-282D958F784C}.Release|iPhoneSimulator.ActiveCfg = Release|Any CPU
		{ACFB9163-DC46-4C85-81D3-282D958F784C}.Release|iPhoneSimulator.Build.0 = Release|Any CPU
		{ACFB9163-DC46-4C85-81D3-282D958F784C}.Release|iPhoneSimulator.Deploy.0 = Release|Any CPU
		{ACFB9163-DC46-4C85-81D3-282D958F784C}.Release|x64.ActiveCfg = Release|Any CPU
		{ACFB9163-DC46-4C85-81D3-282D958F784C}.Release|x64.Build.0 = Release|Any CPU
		{ACFB9163-DC46-4C85-81D3-282D958F784C}.Release|x64.Deploy.0 = Release|Any CPU
		{ACFB9163-DC46-4C85-81D3-282D958F784C}.Release|x86.ActiveCfg = Release|Any CPU
		{ACFB9163-DC46-4C85-81D3-282D958F784C}.Release|x86.Build.0 = Release|Any CPU
		{ACFB9163-DC46-4C85-81D3-282D958F784C}.Release|x86.Deploy.0 = Release|Any CPU
		{47DF8E28-FD8F-4C55-B1D2-3D9925D7FBF1}.Debug|Any CPU.ActiveCfg = Debug|iPhone
		{47DF8E28-FD8F-4C55-B1D2-3D9925D7FBF1}.Debug|ARM.ActiveCfg = Debug|iPhoneSimulator
		{47DF8E28-FD8F-4C55-B1D2-3D9925D7FBF1}.Debug|iPhone.ActiveCfg = Debug|iPhone
		{47DF8E28-FD8F-4C55-B1D2-3D9925D7FBF1}.Debug|iPhone.Build.0 = Debug|iPhone
		{47DF8E28-FD8F-4C55-B1D2-3D9925D7FBF1}.Debug|iPhoneSimulator.ActiveCfg = Debug|iPhoneSimulator
		{47DF8E28-FD8F-4C55-B1D2-3D9925D7FBF1}.Debug|iPhoneSimulator.Build.0 = Debug|iPhoneSimulator
		{47DF8E28-FD8F-4C55-B1D2-3D9925D7FBF1}.Debug|x64.ActiveCfg = Debug|iPhoneSimulator
		{47DF8E28-FD8F-4C55-B1D2-3D9925D7FBF1}.Debug|x86.ActiveCfg = Debug|iPhoneSimulator
		{47DF8E28-FD8F-4C55-B1D2-3D9925D7FBF1}.Release|Any CPU.ActiveCfg = Release|iPhone
		{47DF8E28-FD8F-4C55-B1D2-3D9925D7FBF1}.Release|ARM.ActiveCfg = Release|iPhoneSimulator
		{47DF8E28-FD8F-4C55-B1D2-3D9925D7FBF1}.Release|iPhone.ActiveCfg = Release|iPhone
		{47DF8E28-FD8F-4C55-B1D2-3D9925D7FBF1}.Release|iPhone.Build.0 = Release|iPhone
		{47DF8E28-FD8F-4C55-B1D2-3D9925D7FBF1}.Release|iPhoneSimulator.ActiveCfg = Release|iPhoneSimulator
		{47DF8E28-FD8F-4C55-B1D2-3D9925D7FBF1}.Release|iPhoneSimulator.Build.0 = Release|iPhoneSimulator
		{47DF8E28-FD8F-4C55-B1D2-3D9925D7FBF1}.Release|x64.ActiveCfg = Release|iPhoneSimulator
		{47DF8E28-FD8F-4C55-B1D2-3D9925D7FBF1}.Release|x86.ActiveCfg = Release|iPhoneSimulator
		{985C2F13-FF46-46AD-B270-EA72E4ED9E00}.Debug|Any CPU.ActiveCfg = Debug|Any CPU
		{985C2F13-FF46-46AD-B270-EA72E4ED9E00}.Debug|Any CPU.Build.0 = Debug|Any CPU
		{985C2F13-FF46-46AD-B270-EA72E4ED9E00}.Debug|ARM.ActiveCfg = Debug|Any CPU
		{985C2F13-FF46-46AD-B270-EA72E4ED9E00}.Debug|ARM.Build.0 = Debug|Any CPU
		{985C2F13-FF46-46AD-B270-EA72E4ED9E00}.Debug|iPhone.ActiveCfg = Debug|Any CPU
		{985C2F13-FF46-46AD-B270-EA72E4ED9E00}.Debug|iPhone.Build.0 = Debug|Any CPU
		{985C2F13-FF46-46AD-B270-EA72E4ED9E00}.Debug|iPhoneSimulator.ActiveCfg = Debug|Any CPU
		{985C2F13-FF46-46AD-B270-EA72E4ED9E00}.Debug|iPhoneSimulator.Build.0 = Debug|Any CPU
		{985C2F13-FF46-46AD-B270-EA72E4ED9E00}.Debug|x64.ActiveCfg = Debug|Any CPU
		{985C2F13-FF46-46AD-B270-EA72E4ED9E00}.Debug|x64.Build.0 = Debug|Any CPU
		{985C2F13-FF46-46AD-B270-EA72E4ED9E00}.Debug|x86.ActiveCfg = Debug|Any CPU
		{985C2F13-FF46-46AD-B270-EA72E4ED9E00}.Debug|x86.Build.0 = Debug|Any CPU
		{985C2F13-FF46-46AD-B270-EA72E4ED9E00}.Release|Any CPU.ActiveCfg = Release|Any CPU
		{985C2F13-FF46-46AD-B270-EA72E4ED9E00}.Release|Any CPU.Build.0 = Release|Any CPU
		{985C2F13-FF46-46AD-B270-EA72E4ED9E00}.Release|ARM.ActiveCfg = Release|Any CPU
		{985C2F13-FF46-46AD-B270-EA72E4ED9E00}.Release|ARM.Build.0 = Release|Any CPU
		{985C2F13-FF46-46AD-B270-EA72E4ED9E00}.Release|iPhone.ActiveCfg = Release|Any CPU
		{985C2F13-FF46-46AD-B270-EA72E4ED9E00}.Release|iPhone.Build.0 = Release|Any CPU
		{985C2F13-FF46-46AD-B270-EA72E4ED9E00}.Release|iPhoneSimulator.ActiveCfg = Release|Any CPU
		{985C2F13-FF46-46AD-B270-EA72E4ED9E00}.Release|iPhoneSimulator.Build.0 = Release|Any CPU
		{985C2F13-FF46-46AD-B270-EA72E4ED9E00}.Release|x64.ActiveCfg = Release|Any CPU
		{985C2F13-FF46-46AD-B270-EA72E4ED9E00}.Release|x64.Build.0 = Release|Any CPU
		{985C2F13-FF46-46AD-B270-EA72E4ED9E00}.Release|x86.ActiveCfg = Release|Any CPU
		{985C2F13-FF46-46AD-B270-EA72E4ED9E00}.Release|x86.Build.0 = Release|Any CPU
		{66A3DC4B-4D7A-475E-84B4-7C2C8B833554}.Debug|Any CPU.ActiveCfg = Debug|x86
		{66A3DC4B-4D7A-475E-84B4-7C2C8B833554}.Debug|ARM.ActiveCfg = Debug|ARM
		{66A3DC4B-4D7A-475E-84B4-7C2C8B833554}.Debug|ARM.Build.0 = Debug|ARM
		{66A3DC4B-4D7A-475E-84B4-7C2C8B833554}.Debug|ARM.Deploy.0 = Debug|ARM
		{66A3DC4B-4D7A-475E-84B4-7C2C8B833554}.Debug|iPhone.ActiveCfg = Debug|x86
		{66A3DC4B-4D7A-475E-84B4-7C2C8B833554}.Debug|iPhoneSimulator.ActiveCfg = Debug|x86
		{66A3DC4B-4D7A-475E-84B4-7C2C8B833554}.Debug|x64.ActiveCfg = Debug|x64
		{66A3DC4B-4D7A-475E-84B4-7C2C8B833554}.Debug|x64.Build.0 = Debug|x64
		{66A3DC4B-4D7A-475E-84B4-7C2C8B833554}.Debug|x64.Deploy.0 = Debug|x64
		{66A3DC4B-4D7A-475E-84B4-7C2C8B833554}.Debug|x86.ActiveCfg = Debug|x86
		{66A3DC4B-4D7A-475E-84B4-7C2C8B833554}.Debug|x86.Build.0 = Debug|x86
		{66A3DC4B-4D7A-475E-84B4-7C2C8B833554}.Debug|x86.Deploy.0 = Debug|x86
		{66A3DC4B-4D7A-475E-84B4-7C2C8B833554}.Release|Any CPU.ActiveCfg = Release|x86
		{66A3DC4B-4D7A-475E-84B4-7C2C8B833554}.Release|ARM.ActiveCfg = Release|ARM
		{66A3DC4B-4D7A-475E-84B4-7C2C8B833554}.Release|ARM.Build.0 = Release|ARM
		{66A3DC4B-4D7A-475E-84B4-7C2C8B833554}.Release|ARM.Deploy.0 = Release|ARM
		{66A3DC4B-4D7A-475E-84B4-7C2C8B833554}.Release|iPhone.ActiveCfg = Release|x86
		{66A3DC4B-4D7A-475E-84B4-7C2C8B833554}.Release|iPhoneSimulator.ActiveCfg = Release|x86
		{66A3DC4B-4D7A-475E-84B4-7C2C8B833554}.Release|x64.ActiveCfg = Release|x64
		{66A3DC4B-4D7A-475E-84B4-7C2C8B833554}.Release|x64.Build.0 = Release|x64
		{66A3DC4B-4D7A-475E-84B4-7C2C8B833554}.Release|x64.Deploy.0 = Release|x64
		{66A3DC4B-4D7A-475E-84B4-7C2C8B833554}.Release|x86.ActiveCfg = Release|x86
		{66A3DC4B-4D7A-475E-84B4-7C2C8B833554}.Release|x86.Build.0 = Release|x86
		{66A3DC4B-4D7A-475E-84B4-7C2C8B833554}.Release|x86.Deploy.0 = Release|x86
	EndGlobalSection
	GlobalSection(SolutionProperties) = preSolution
		HideSolutionNode = FALSE
	EndGlobalSection
EndGlobal
